
Microsoft Visual Studio Solution File, Format Version 12.00
# Visual Studio Version 17
VisualStudioVersion = 17.4.33403.182
MinimumVisualStudioVersion = 10.0.40219.1
Project("{FAE04EC0-301F-11D3-BF4B-00C04F79EFBC}") = "TechSuportTest", "TechSuportTest\TechSuportTest.csproj", "{3153FE9B-878E-491E-95D1-E61467105C61}"
EndProject
Global
	GlobalSection(SolutionConfigurationPlatforms) = preSolution
		Debug|Any CPU = Debug|Any CPU
		Release|Any CPU = Release|Any CPU
	EndGlobalSection
	GlobalSection(ProjectConfigurationPlatforms) = postSolution
		{3153FE9B-878E-491E-95D1-E61467105C61}.Debug|Any CPU.ActiveCfg = Debug|Any CPU
		{3153FE9B-878E-491E-95D1-E61467105C61}.Debug|Any CPU.Build.0 = Debug|Any CPU
		{3153FE9B-878E-491E-95D1-E61467105C61}.Release|Any CPU.ActiveCfg = Release|Any CPU
		{3153FE9B-878E-491E-95D1-E61467105C61}.Release|Any CPU.Build.0 = Release|Any CPU
	EndGlobalSection
	GlobalSection(SolutionProperties) = preSolution
		HideSolutionNode = FALSE
	EndGlobalSection
	GlobalSection(ExtensibilityGlobals) = postSolution
		SolutionGuid = {C9497F06-8383-4572-B407-B43E53B0DC8B}
	EndGlobalSection
EndGlobal
